// !$*UTF8*$!
{
	archiveVersion = 1;
	classes = {
	};
	objectVersion = 56;
	objects = {

/* Begin PBXBuildFile section */
		AF281B8B2AC8D2D60078C782 /* Constants.swift in Sources */ = {isa = PBXBuildFile; fileRef = AF281B8A2AC8D2D60078C782 /* Constants.swift */; };
		AF6C3E6D2A9BA9E800B937E4 /* MinesweeperApp.swift in Sources */ = {isa = PBXBuildFile; fileRef = AF6C3E6C2A9BA9E800B937E4 /* MinesweeperApp.swift */; };
		AF6C3E6F2A9BA9E800B937E4 /* ContentView.swift in Sources */ = {isa = PBXBuildFile; fileRef = AF6C3E6E2A9BA9E800B937E4 /* ContentView.swift */; };
		AF6C3E712A9BA9E900B937E4 /* Assets.xcassets in Resources */ = {isa = PBXBuildFile; fileRef = AF6C3E702A9BA9E900B937E4 /* Assets.xcassets */; };
		AF6C3E752A9BA9E900B937E4 /* Preview Assets.xcassets in Resources */ = {isa = PBXBuildFile; fileRef = AF6C3E742A9BA9E900B937E4 /* Preview Assets.xcassets */; };
		AF6C3E7F2A9BA9E900B937E4 /* MinesweeperTests.swift in Sources */ = {isa = PBXBuildFile; fileRef = AF6C3E7E2A9BA9E900B937E4 /* MinesweeperTests.swift */; };
		AF6C3E892A9BA9E900B937E4 /* MinesweeperUITests.swift in Sources */ = {isa = PBXBuildFile; fileRef = AF6C3E882A9BA9E900B937E4 /* MinesweeperUITests.swift */; };
		AF6C3E8B2A9BA9E900B937E4 /* MinesweeperUITestsLaunchTests.swift in Sources */ = {isa = PBXBuildFile; fileRef = AF6C3E8A2A9BA9E900B937E4 /* MinesweeperUITestsLaunchTests.swift */; };
		AF6C3E992A9BAAA500B937E4 /* Field.swift in Sources */ = {isa = PBXBuildFile; fileRef = AF6C3E982A9BAAA500B937E4 /* Field.swift */; };
		AF6C3E9B2A9BABD000B937E4 /* Tile.swift in Sources */ = {isa = PBXBuildFile; fileRef = AF6C3E9A2A9BABD000B937E4 /* Tile.swift */; };
		AF6C3E9D2A9BAC9000B937E4 /* Perimeter.swift in Sources */ = {isa = PBXBuildFile; fileRef = AF6C3E9C2A9BAC9000B937E4 /* Perimeter.swift */; };
		AF6C3E9F2A9BAE6900B937E4 /* Level.swift in Sources */ = {isa = PBXBuildFile; fileRef = AF6C3E9E2A9BAE6900B937E4 /* Level.swift */; };
		AF6C3EA72A9C1CC100B937E4 /* LCDDisplayView.swift in Sources */ = {isa = PBXBuildFile; fileRef = AF6C3EA62A9C1CC100B937E4 /* LCDDisplayView.swift */; };
		AF6C3EA92A9C1ECF00B937E4 /* TopBarView.swift in Sources */ = {isa = PBXBuildFile; fileRef = AF6C3EA82A9C1ECF00B937E4 /* TopBarView.swift */; };
		AF6C3EAB2A9C1F7200B937E4 /* LCDDigitView.swift in Sources */ = {isa = PBXBuildFile; fileRef = AF6C3EAA2A9C1F7200B937E4 /* LCDDigitView.swift */; };
		AF6C3EAD2A9C293600B937E4 /* FaceView.swift in Sources */ = {isa = PBXBuildFile; fileRef = AF6C3EAC2A9C293600B937E4 /* FaceView.swift */; };
		AF6C3EAF2A9C2A3A00B937E4 /* FieldView.swift in Sources */ = {isa = PBXBuildFile; fileRef = AF6C3EAE2A9C2A3A00B937E4 /* FieldView.swift */; };
		AF6C3EB12A9C2E2B00B937E4 /* TileView.swift in Sources */ = {isa = PBXBuildFile; fileRef = AF6C3EB02A9C2E2B00B937E4 /* TileView.swift */; };
		AFA34F532A9EA5FE0099D2D9 /* settings.plist in Resources */ = {isa = PBXBuildFile; fileRef = AFA34F522A9EA5FE0099D2D9 /* settings.plist */; };
		AFA34F552A9F71180099D2D9 /* Settings.swift in Sources */ = {isa = PBXBuildFile; fileRef = AFA34F542A9F71180099D2D9 /* Settings.swift */; };
		AFA34F572A9FAFAD0099D2D9 /* Color.swift in Sources */ = {isa = PBXBuildFile; fileRef = AFA34F562A9FAFAD0099D2D9 /* Color.swift */; };
		AFCD91262B5D720B00083EE5 /* RightClickableView.swift in Sources */ = {isa = PBXBuildFile; fileRef = AFCD91252B5D720B00083EE5 /* RightClickableView.swift */; };
		AFE395812B544180001CEE65 /* Game.swift in Sources */ = {isa = PBXBuildFile; fileRef = AFE395802B544180001CEE65 /* Game.swift */; };
/* End PBXBuildFile section */

/* Begin PBXContainerItemProxy section */
		AF6C3E7B2A9BA9E900B937E4 /* PBXContainerItemProxy */ = {
			isa = PBXContainerItemProxy;
			containerPortal = AF6C3E612A9BA9E800B937E4 /* Project object */;
			proxyType = 1;
			remoteGlobalIDString = AF6C3E682A9BA9E800B937E4;
			remoteInfo = Minesweeper;
		};
		AF6C3E852A9BA9E900B937E4 /* PBXContainerItemProxy */ = {
			isa = PBXContainerItemProxy;
			containerPortal = AF6C3E612A9BA9E800B937E4 /* Project object */;
			proxyType = 1;
			remoteGlobalIDString = AF6C3E682A9BA9E800B937E4;
			remoteInfo = Minesweeper;
		};
/* End PBXContainerItemProxy section */

/* Begin PBXFileReference section */
		AF281B8A2AC8D2D60078C782 /* Constants.swift */ = {isa = PBXFileReference; lastKnownFileType = sourcecode.swift; path = Constants.swift; sourceTree = "<group>"; };
		AF6C3E692A9BA9E800B937E4 /* Minesweeper.app */ = {isa = PBXFileReference; explicitFileType = wrapper.application; includeInIndex = 0; path = Minesweeper.app; sourceTree = BUILT_PRODUCTS_DIR; };
		AF6C3E6C2A9BA9E800B937E4 /* MinesweeperApp.swift */ = {isa = PBXFileReference; lastKnownFileType = sourcecode.swift; path = MinesweeperApp.swift; sourceTree = "<group>"; };
		AF6C3E6E2A9BA9E800B937E4 /* ContentView.swift */ = {isa = PBXFileReference; lastKnownFileType = sourcecode.swift; path = ContentView.swift; sourceTree = "<group>"; };
		AF6C3E702A9BA9E900B937E4 /* Assets.xcassets */ = {isa = PBXFileReference; lastKnownFileType = folder.assetcatalog; path = Assets.xcassets; sourceTree = "<group>"; };
		AF6C3E722A9BA9E900B937E4 /* Minesweeper.entitlements */ = {isa = PBXFileReference; lastKnownFileType = text.plist.entitlements; path = Minesweeper.entitlements; sourceTree = "<group>"; };
		AF6C3E742A9BA9E900B937E4 /* Preview Assets.xcassets */ = {isa = PBXFileReference; lastKnownFileType = folder.assetcatalog; path = "Preview Assets.xcassets"; sourceTree = "<group>"; };
		AF6C3E7A2A9BA9E900B937E4 /* MinesweeperTests.xctest */ = {isa = PBXFileReference; explicitFileType = wrapper.cfbundle; includeInIndex = 0; path = MinesweeperTests.xctest; sourceTree = BUILT_PRODUCTS_DIR; };
		AF6C3E7E2A9BA9E900B937E4 /* MinesweeperTests.swift */ = {isa = PBXFileReference; lastKnownFileType = sourcecode.swift; path = MinesweeperTests.swift; sourceTree = "<group>"; };
		AF6C3E842A9BA9E900B937E4 /* MinesweeperUITests.xctest */ = {isa = PBXFileReference; explicitFileType = wrapper.cfbundle; includeInIndex = 0; path = MinesweeperUITests.xctest; sourceTree = BUILT_PRODUCTS_DIR; };
		AF6C3E882A9BA9E900B937E4 /* MinesweeperUITests.swift */ = {isa = PBXFileReference; lastKnownFileType = sourcecode.swift; path = MinesweeperUITests.swift; sourceTree = "<group>"; };
		AF6C3E8A2A9BA9E900B937E4 /* MinesweeperUITestsLaunchTests.swift */ = {isa = PBXFileReference; lastKnownFileType = sourcecode.swift; path = MinesweeperUITestsLaunchTests.swift; sourceTree = "<group>"; };
		AF6C3E982A9BAAA500B937E4 /* Field.swift */ = {isa = PBXFileReference; lastKnownFileType = sourcecode.swift; path = Field.swift; sourceTree = "<group>"; };
		AF6C3E9A2A9BABD000B937E4 /* Tile.swift */ = {isa = PBXFileReference; lastKnownFileType = sourcecode.swift; path = Tile.swift; sourceTree = "<group>"; };
		AF6C3E9C2A9BAC9000B937E4 /* Perimeter.swift */ = {isa = PBXFileReference; lastKnownFileType = sourcecode.swift; path = Perimeter.swift; sourceTree = "<group>"; };
		AF6C3E9E2A9BAE6900B937E4 /* Level.swift */ = {isa = PBXFileReference; lastKnownFileType = sourcecode.swift; path = Level.swift; sourceTree = "<group>"; };
		AF6C3EA62A9C1CC100B937E4 /* LCDDisplayView.swift */ = {isa = PBXFileReference; lastKnownFileType = sourcecode.swift; path = LCDDisplayView.swift; sourceTree = "<group>"; };
		AF6C3EA82A9C1ECF00B937E4 /* TopBarView.swift */ = {isa = PBXFileReference; lastKnownFileType = sourcecode.swift; path = TopBarView.swift; sourceTree = "<group>"; };
		AF6C3EAA2A9C1F7200B937E4 /* LCDDigitView.swift */ = {isa = PBXFileReference; lastKnownFileType = sourcecode.swift; path = LCDDigitView.swift; sourceTree = "<group>"; };
		AF6C3EAC2A9C293600B937E4 /* FaceView.swift */ = {isa = PBXFileReference; lastKnownFileType = sourcecode.swift; path = FaceView.swift; sourceTree = "<group>"; };
		AF6C3EAE2A9C2A3A00B937E4 /* FieldView.swift */ = {isa = PBXFileReference; lastKnownFileType = sourcecode.swift; path = FieldView.swift; sourceTree = "<group>"; };
		AF6C3EB02A9C2E2B00B937E4 /* TileView.swift */ = {isa = PBXFileReference; lastKnownFileType = sourcecode.swift; path = TileView.swift; sourceTree = "<group>"; };
		AFA34F522A9EA5FE0099D2D9 /* settings.plist */ = {isa = PBXFileReference; lastKnownFileType = text.plist.xml; path = settings.plist; sourceTree = "<group>"; };
		AFA34F542A9F71180099D2D9 /* Settings.swift */ = {isa = PBXFileReference; lastKnownFileType = sourcecode.swift; path = Settings.swift; sourceTree = "<group>"; };
		AFA34F562A9FAFAD0099D2D9 /* Color.swift */ = {isa = PBXFileReference; lastKnownFileType = sourcecode.swift; path = Color.swift; sourceTree = "<group>"; };
		AFCD91252B5D720B00083EE5 /* RightClickableView.swift */ = {isa = PBXFileReference; lastKnownFileType = sourcecode.swift; path = RightClickableView.swift; sourceTree = "<group>"; };
		AFE395802B544180001CEE65 /* Game.swift */ = {isa = PBXFileReference; lastKnownFileType = sourcecode.swift; path = Game.swift; sourceTree = "<group>"; };
/* End PBXFileReference section */

/* Begin PBXFrameworksBuildPhase section */
		AF6C3E662A9BA9E800B937E4 /* Frameworks */ = {
			isa = PBXFrameworksBuildPhase;
			buildActionMask = 2147483647;
			files = (
			);
			runOnlyForDeploymentPostprocessing = 0;
		};
		AF6C3E772A9BA9E900B937E4 /* Frameworks */ = {
			isa = PBXFrameworksBuildPhase;
			buildActionMask = 2147483647;
			files = (
			);
			runOnlyForDeploymentPostprocessing = 0;
		};
		AF6C3E812A9BA9E900B937E4 /* Frameworks */ = {
			isa = PBXFrameworksBuildPhase;
			buildActionMask = 2147483647;
			files = (
			);
			runOnlyForDeploymentPostprocessing = 0;
		};
/* End PBXFrameworksBuildPhase section */

/* Begin PBXGroup section */
		AF6C3E602A9BA9E800B937E4 = {
			isa = PBXGroup;
			children = (
				AF6C3E6B2A9BA9E800B937E4 /* Minesweeper */,
				AF6C3E7D2A9BA9E900B937E4 /* MinesweeperTests */,
				AF6C3E872A9BA9E900B937E4 /* MinesweeperUITests */,
				AF6C3E6A2A9BA9E800B937E4 /* Products */,
			);
			sourceTree = "<group>";
		};
		AF6C3E6A2A9BA9E800B937E4 /* Products */ = {
			isa = PBXGroup;
			children = (
				AF6C3E692A9BA9E800B937E4 /* Minesweeper.app */,
				AF6C3E7A2A9BA9E900B937E4 /* MinesweeperTests.xctest */,
				AF6C3E842A9BA9E900B937E4 /* MinesweeperUITests.xctest */,
			);
			name = Products;
			sourceTree = "<group>";
		};
		AF6C3E6B2A9BA9E800B937E4 /* Minesweeper */ = {
			isa = PBXGroup;
			children = (
				AF281B8A2AC8D2D60078C782 /* Constants.swift */,
				AFEE834C2AA0E78D00D4E8F6 /* settings */,
				AF6C3E972A9BAA3200B937E4 /* Models */,
				AF6C3EA02A9BD9C700B937E4 /* views */,
				AF6C3E6C2A9BA9E800B937E4 /* MinesweeperApp.swift */,
				AF6C3E702A9BA9E900B937E4 /* Assets.xcassets */,
				AF6C3E722A9BA9E900B937E4 /* Minesweeper.entitlements */,
				AF6C3E732A9BA9E900B937E4 /* Preview Content */,
			);
			path = Minesweeper;
			sourceTree = "<group>";
		};
		AF6C3E732A9BA9E900B937E4 /* Preview Content */ = {
			isa = PBXGroup;
			children = (
				AF6C3E742A9BA9E900B937E4 /* Preview Assets.xcassets */,
			);
			path = "Preview Content";
			sourceTree = "<group>";
		};
		AF6C3E7D2A9BA9E900B937E4 /* MinesweeperTests */ = {
			isa = PBXGroup;
			children = (
				AF6C3E7E2A9BA9E900B937E4 /* MinesweeperTests.swift */,
			);
			path = MinesweeperTests;
			sourceTree = "<group>";
		};
		AF6C3E872A9BA9E900B937E4 /* MinesweeperUITests */ = {
			isa = PBXGroup;
			children = (
				AF6C3E882A9BA9E900B937E4 /* MinesweeperUITests.swift */,
				AF6C3E8A2A9BA9E900B937E4 /* MinesweeperUITestsLaunchTests.swift */,
			);
			path = MinesweeperUITests;
			sourceTree = "<group>";
		};
		AF6C3E972A9BAA3200B937E4 /* Models */ = {
			isa = PBXGroup;
			children = (
				AFEE834D2AA0E7CC00D4E8F6 /* extensions */,
				AFE395802B544180001CEE65 /* Game.swift */,
				AF6C3E982A9BAAA500B937E4 /* Field.swift */,
				AF6C3E9A2A9BABD000B937E4 /* Tile.swift */,
				AF6C3E9C2A9BAC9000B937E4 /* Perimeter.swift */,
				AF6C3E9E2A9BAE6900B937E4 /* Level.swift */,
			);
			path = Models;
			sourceTree = "<group>";
		};
		AF6C3EA02A9BD9C700B937E4 /* views */ = {
			isa = PBXGroup;
			children = (
				AF6C3EA52A9C1C8400B937E4 /* common */,
				AF6C3EA12A9C1BE600B937E4 /* top */,
				AF6C3EA22A9C1BF200B937E4 /* field */,
				AF6C3E6E2A9BA9E800B937E4 /* ContentView.swift */,
			);
			path = views;
			sourceTree = "<group>";
		};
		AF6C3EA12A9C1BE600B937E4 /* top */ = {
			isa = PBXGroup;
			children = (
				AF6C3EAC2A9C293600B937E4 /* FaceView.swift */,
				AF6C3EA82A9C1ECF00B937E4 /* TopBarView.swift */,
			);
			path = top;
			sourceTree = "<group>";
		};
		AF6C3EA22A9C1BF200B937E4 /* field */ = {
			isa = PBXGroup;
			children = (
				AFCD91252B5D720B00083EE5 /* RightClickableView.swift */,
				AF6C3EB02A9C2E2B00B937E4 /* TileView.swift */,
				AF6C3EAE2A9C2A3A00B937E4 /* FieldView.swift */,
			);
			path = field;
			sourceTree = "<group>";
		};
		AF6C3EA52A9C1C8400B937E4 /* common */ = {
			isa = PBXGroup;
			children = (
				AF6C3EAA2A9C1F7200B937E4 /* LCDDigitView.swift */,
				AF6C3EA62A9C1CC100B937E4 /* LCDDisplayView.swift */,
			);
			path = common;
			sourceTree = "<group>";
		};
		AFEE834C2AA0E78D00D4E8F6 /* settings */ = {
			isa = PBXGroup;
			children = (
				AFA34F522A9EA5FE0099D2D9 /* settings.plist */,
				AFA34F542A9F71180099D2D9 /* Settings.swift */,
			);
			name = settings;
			path = views;
			sourceTree = "<group>";
		};
		AFEE834D2AA0E7CC00D4E8F6 /* extensions */ = {
			isa = PBXGroup;
			children = (
				AFA34F562A9FAFAD0099D2D9 /* Color.swift */,
			);
			path = extensions;
			sourceTree = "<group>";
		};
/* End PBXGroup section */

/* Begin PBXNativeTarget section */
		AF6C3E682A9BA9E800B937E4 /* Minesweeper */ = {
			isa = PBXNativeTarget;
			buildConfigurationList = AF6C3E8E2A9BA9E900B937E4 /* Build configuration list for PBXNativeTarget "Minesweeper" */;
			buildPhases = (
				AF6C3E652A9BA9E800B937E4 /* Sources */,
				AF6C3E662A9BA9E800B937E4 /* Frameworks */,
				AF6C3E672A9BA9E800B937E4 /* Resources */,
			);
			buildRules = (
			);
			dependencies = (
			);
			name = Minesweeper;
			productName = Minesweeper;
			productReference = AF6C3E692A9BA9E800B937E4 /* Minesweeper.app */;
			productType = "com.apple.product-type.application";
		};
		AF6C3E792A9BA9E900B937E4 /* MinesweeperTests */ = {
			isa = PBXNativeTarget;
			buildConfigurationList = AF6C3E912A9BA9E900B937E4 /* Build configuration list for PBXNativeTarget "MinesweeperTests" */;
			buildPhases = (
				AF6C3E762A9BA9E900B937E4 /* Sources */,
				AF6C3E772A9BA9E900B937E4 /* Frameworks */,
				AF6C3E782A9BA9E900B937E4 /* Resources */,
			);
			buildRules = (
			);
			dependencies = (
				AF6C3E7C2A9BA9E900B937E4 /* PBXTargetDependency */,
			);
			name = MinesweeperTests;
			productName = MinesweeperTests;
			productReference = AF6C3E7A2A9BA9E900B937E4 /* MinesweeperTests.xctest */;
			productType = "com.apple.product-type.bundle.unit-test";
		};
		AF6C3E832A9BA9E900B937E4 /* MinesweeperUITests */ = {
			isa = PBXNativeTarget;
			buildConfigurationList = AF6C3E942A9BA9E900B937E4 /* Build configuration list for PBXNativeTarget "MinesweeperUITests" */;
			buildPhases = (
				AF6C3E802A9BA9E900B937E4 /* Sources */,
				AF6C3E812A9BA9E900B937E4 /* Frameworks */,
				AF6C3E822A9BA9E900B937E4 /* Resources */,
			);
			buildRules = (
			);
			dependencies = (
				AF6C3E862A9BA9E900B937E4 /* PBXTargetDependency */,
			);
			name = MinesweeperUITests;
			productName = MinesweeperUITests;
			productReference = AF6C3E842A9BA9E900B937E4 /* MinesweeperUITests.xctest */;
			productType = "com.apple.product-type.bundle.ui-testing";
		};
/* End PBXNativeTarget section */

/* Begin PBXProject section */
		AF6C3E612A9BA9E800B937E4 /* Project object */ = {
			isa = PBXProject;
			attributes = {
				BuildIndependentTargetsInParallel = 1;
				LastSwiftUpdateCheck = 1430;
				LastUpgradeCheck = 1520;
				TargetAttributes = {
					AF6C3E682A9BA9E800B937E4 = {
						CreatedOnToolsVersion = 14.3.1;
					};
					AF6C3E792A9BA9E900B937E4 = {
						CreatedOnToolsVersion = 14.3.1;
						TestTargetID = AF6C3E682A9BA9E800B937E4;
					};
					AF6C3E832A9BA9E900B937E4 = {
						CreatedOnToolsVersion = 14.3.1;
						TestTargetID = AF6C3E682A9BA9E800B937E4;
					};
				};
			};
			buildConfigurationList = AF6C3E642A9BA9E800B937E4 /* Build configuration list for PBXProject "Minesweeper" */;
			compatibilityVersion = "Xcode 14.0";
			developmentRegion = en;
			hasScannedForEncodings = 0;
			knownRegions = (
				en,
				Base,
			);
			mainGroup = AF6C3E602A9BA9E800B937E4;
			productRefGroup = AF6C3E6A2A9BA9E800B937E4 /* Products */;
			projectDirPath = "";
			projectRoot = "";
			targets = (
				AF6C3E682A9BA9E800B937E4 /* Minesweeper */,
				AF6C3E792A9BA9E900B937E4 /* MinesweeperTests */,
				AF6C3E832A9BA9E900B937E4 /* MinesweeperUITests */,
			);
		};
/* End PBXProject section */

/* Begin PBXResourcesBuildPhase section */
		AF6C3E672A9BA9E800B937E4 /* Resources */ = {
			isa = PBXResourcesBuildPhase;
			buildActionMask = 2147483647;
			files = (
				AF6C3E752A9BA9E900B937E4 /* Preview Assets.xcassets in Resources */,
				AFA34F532A9EA5FE0099D2D9 /* settings.plist in Resources */,
				AF6C3E712A9BA9E900B937E4 /* Assets.xcassets in Resources */,
			);
			runOnlyForDeploymentPostprocessing = 0;
		};
		AF6C3E782A9BA9E900B937E4 /* Resources */ = {
			isa = PBXResourcesBuildPhase;
			buildActionMask = 2147483647;
			files = (
			);
			runOnlyForDeploymentPostprocessing = 0;
		};
		AF6C3E822A9BA9E900B937E4 /* Resources */ = {
			isa = PBXResourcesBuildPhase;
			buildActionMask = 2147483647;
			files = (
			);
			runOnlyForDeploymentPostprocessing = 0;
		};
/* End PBXResourcesBuildPhase section */

/* Begin PBXSourcesBuildPhase section */
		AF6C3E652A9BA9E800B937E4 /* Sources */ = {
			isa = PBXSourcesBuildPhase;
			buildActionMask = 2147483647;
			files = (
				AF6C3E9F2A9BAE6900B937E4 /* Level.swift in Sources */,
				AF6C3EAB2A9C1F7200B937E4 /* LCDDigitView.swift in Sources */,
				AF6C3E6F2A9BA9E800B937E4 /* ContentView.swift in Sources */,
				AF6C3E9D2A9BAC9000B937E4 /* Perimeter.swift in Sources */,
				AF6C3EA72A9C1CC100B937E4 /* LCDDisplayView.swift in Sources */,
				AF281B8B2AC8D2D60078C782 /* Constants.swift in Sources */,
				AF6C3E6D2A9BA9E800B937E4 /* MinesweeperApp.swift in Sources */,
				AF6C3EAF2A9C2A3A00B937E4 /* FieldView.swift in Sources */,
				AFCD91262B5D720B00083EE5 /* RightClickableView.swift in Sources */,
				AFA34F552A9F71180099D2D9 /* Settings.swift in Sources */,
				AF6C3E992A9BAAA500B937E4 /* Field.swift in Sources */,
				AFA34F572A9FAFAD0099D2D9 /* Color.swift in Sources */,
				AF6C3EA92A9C1ECF00B937E4 /* TopBarView.swift in Sources */,
				AF6C3E9B2A9BABD000B937E4 /* Tile.swift in Sources */,
				AF6C3EB12A9C2E2B00B937E4 /* TileView.swift in Sources */,
				AF6C3EAD2A9C293600B937E4 /* FaceView.swift in Sources */,
				AFE395812B544180001CEE65 /* Game.swift in Sources */,
			);
			runOnlyForDeploymentPostprocessing = 0;
		};
		AF6C3E762A9BA9E900B937E4 /* Sources */ = {
			isa = PBXSourcesBuildPhase;
			buildActionMask = 2147483647;
			files = (
				AF6C3E7F2A9BA9E900B937E4 /* MinesweeperTests.swift in Sources */,
			);
			runOnlyForDeploymentPostprocessing = 0;
		};
		AF6C3E802A9BA9E900B937E4 /* Sources */ = {
			isa = PBXSourcesBuildPhase;
			buildActionMask = 2147483647;
			files = (
				AF6C3E892A9BA9E900B937E4 /* MinesweeperUITests.swift in Sources */,
				AF6C3E8B2A9BA9E900B937E4 /* MinesweeperUITestsLaunchTests.swift in Sources */,
			);
			runOnlyForDeploymentPostprocessing = 0;
		};
/* End PBXSourcesBuildPhase section */

/* Begin PBXTargetDependency section */
		AF6C3E7C2A9BA9E900B937E4 /* PBXTargetDependency */ = {
			isa = PBXTargetDependency;
			target = AF6C3E682A9BA9E800B937E4 /* Minesweeper */;
			targetProxy = AF6C3E7B2A9BA9E900B937E4 /* PBXContainerItemProxy */;
		};
		AF6C3E862A9BA9E900B937E4 /* PBXTargetDependency */ = {
			isa = PBXTargetDependency;
			target = AF6C3E682A9BA9E800B937E4 /* Minesweeper */;
			targetProxy = AF6C3E852A9BA9E900B937E4 /* PBXContainerItemProxy */;
		};
/* End PBXTargetDependency section */

/* Begin XCBuildConfiguration section */
		AF6C3E8C2A9BA9E900B937E4 /* Debug */ = {
			isa = XCBuildConfiguration;
			buildSettings = {
				ALWAYS_SEARCH_USER_PATHS = NO;
				CLANG_ANALYZER_NONNULL = YES;
				CLANG_ANALYZER_NUMBER_OBJECT_CONVERSION = YES_AGGRESSIVE;
				CLANG_CXX_LANGUAGE_STANDARD = "gnu++20";
				CLANG_ENABLE_MODULES = YES;
				CLANG_ENABLE_OBJC_ARC = YES;
				CLANG_ENABLE_OBJC_WEAK = YES;
				CLANG_WARN_BLOCK_CAPTURE_AUTORELEASING = YES;
				CLANG_WARN_BOOL_CONVERSION = YES;
				CLANG_WARN_COMMA = YES;
				CLANG_WARN_CONSTANT_CONVERSION = YES;
				CLANG_WARN_DEPRECATED_OBJC_IMPLEMENTATIONS = YES;
				CLANG_WARN_DIRECT_OBJC_ISA_USAGE = YES_ERROR;
				CLANG_WARN_DOCUMENTATION_COMMENTS = YES;
				CLANG_WARN_EMPTY_BODY = YES;
				CLANG_WARN_ENUM_CONVERSION = YES;
				CLANG_WARN_INFINITE_RECURSION = YES;
				CLANG_WARN_INT_CONVERSION = YES;
				CLANG_WARN_NON_LITERAL_NULL_CONVERSION = YES;
				CLANG_WARN_OBJC_IMPLICIT_RETAIN_SELF = YES;
				CLANG_WARN_OBJC_LITERAL_CONVERSION = YES;
				CLANG_WARN_OBJC_ROOT_CLASS = YES_ERROR;
				CLANG_WARN_QUOTED_INCLUDE_IN_FRAMEWORK_HEADER = YES;
				CLANG_WARN_RANGE_LOOP_ANALYSIS = YES;
				CLANG_WARN_STRICT_PROTOTYPES = YES;
				CLANG_WARN_SUSPICIOUS_MOVE = YES;
				CLANG_WARN_UNGUARDED_AVAILABILITY = YES_AGGRESSIVE;
				CLANG_WARN_UNREACHABLE_CODE = YES;
				CLANG_WARN__DUPLICATE_METHOD_MATCH = YES;
				COPY_PHASE_STRIP = NO;
				DEAD_CODE_STRIPPING = YES;
				DEBUG_INFORMATION_FORMAT = dwarf;
				ENABLE_STRICT_OBJC_MSGSEND = YES;
				ENABLE_TESTABILITY = YES;
				ENABLE_USER_SCRIPT_SANDBOXING = YES;
				GCC_C_LANGUAGE_STANDARD = gnu11;
				GCC_DYNAMIC_NO_PIC = NO;
				GCC_NO_COMMON_BLOCKS = YES;
				GCC_OPTIMIZATION_LEVEL = 0;
				GCC_PREPROCESSOR_DEFINITIONS = (
					"DEBUG=1",
					"$(inherited)",
				);
				GCC_WARN_64_TO_32_BIT_CONVERSION = YES;
				GCC_WARN_ABOUT_RETURN_TYPE = YES_ERROR;
				GCC_WARN_UNDECLARED_SELECTOR = YES;
				GCC_WARN_UNINITIALIZED_AUTOS = YES_AGGRESSIVE;
				GCC_WARN_UNUSED_FUNCTION = YES;
				GCC_WARN_UNUSED_VARIABLE = YES;
				MTL_ENABLE_DEBUG_INFO = INCLUDE_SOURCE;
				MTL_FAST_MATH = YES;
				ONLY_ACTIVE_ARCH = YES;
				SWIFT_ACTIVE_COMPILATION_CONDITIONS = DEBUG;
				SWIFT_OPTIMIZATION_LEVEL = "-Onone";
			};
			name = Debug;
		};
		AF6C3E8D2A9BA9E900B937E4 /* Release */ = {
			isa = XCBuildConfiguration;
			buildSettings = {
				ALWAYS_SEARCH_USER_PATHS = NO;
				CLANG_ANALYZER_NONNULL = YES;
				CLANG_ANALYZER_NUMBER_OBJECT_CONVERSION = YES_AGGRESSIVE;
				CLANG_CXX_LANGUAGE_STANDARD = "gnu++20";
				CLANG_ENABLE_MODULES = YES;
				CLANG_ENABLE_OBJC_ARC = YES;
				CLANG_ENABLE_OBJC_WEAK = YES;
				CLANG_WARN_BLOCK_CAPTURE_AUTORELEASING = YES;
				CLANG_WARN_BOOL_CONVERSION = YES;
				CLANG_WARN_COMMA = YES;
				CLANG_WARN_CONSTANT_CONVERSION = YES;
				CLANG_WARN_DEPRECATED_OBJC_IMPLEMENTATIONS = YES;
				CLANG_WARN_DIRECT_OBJC_ISA_USAGE = YES_ERROR;
				CLANG_WARN_DOCUMENTATION_COMMENTS = YES;
				CLANG_WARN_EMPTY_BODY = YES;
				CLANG_WARN_ENUM_CONVERSION = YES;
				CLANG_WARN_INFINITE_RECURSION = YES;
				CLANG_WARN_INT_CONVERSION = YES;
				CLANG_WARN_NON_LITERAL_NULL_CONVERSION = YES;
				CLANG_WARN_OBJC_IMPLICIT_RETAIN_SELF = YES;
				CLANG_WARN_OBJC_LITERAL_CONVERSION = YES;
				CLANG_WARN_OBJC_ROOT_CLASS = YES_ERROR;
				CLANG_WARN_QUOTED_INCLUDE_IN_FRAMEWORK_HEADER = YES;
				CLANG_WARN_RANGE_LOOP_ANALYSIS = YES;
				CLANG_WARN_STRICT_PROTOTYPES = YES;
				CLANG_WARN_SUSPICIOUS_MOVE = YES;
				CLANG_WARN_UNGUARDED_AVAILABILITY = YES_AGGRESSIVE;
				CLANG_WARN_UNREACHABLE_CODE = YES;
				CLANG_WARN__DUPLICATE_METHOD_MATCH = YES;
				COPY_PHASE_STRIP = NO;
				DEAD_CODE_STRIPPING = YES;
				DEBUG_INFORMATION_FORMAT = "dwarf-with-dsym";
				ENABLE_NS_ASSERTIONS = NO;
				ENABLE_STRICT_OBJC_MSGSEND = YES;
				ENABLE_USER_SCRIPT_SANDBOXING = YES;
				GCC_C_LANGUAGE_STANDARD = gnu11;
				GCC_NO_COMMON_BLOCKS = YES;
				GCC_WARN_64_TO_32_BIT_CONVERSION = YES;
				GCC_WARN_ABOUT_RETURN_TYPE = YES_ERROR;
				GCC_WARN_UNDECLARED_SELECTOR = YES;
				GCC_WARN_UNINITIALIZED_AUTOS = YES_AGGRESSIVE;
				GCC_WARN_UNUSED_FUNCTION = YES;
				GCC_WARN_UNUSED_VARIABLE = YES;
				MTL_ENABLE_DEBUG_INFO = NO;
				MTL_FAST_MATH = YES;
				SWIFT_COMPILATION_MODE = wholemodule;
				SWIFT_OPTIMIZATION_LEVEL = "-O";
			};
			name = Release;
		};
		AF6C3E8F2A9BA9E900B937E4 /* Debug */ = {
			isa = XCBuildConfiguration;
			buildSettings = {
				ASSETCATALOG_COMPILER_APPICON_NAME = AppIcon;
				ASSETCATALOG_COMPILER_GLOBAL_ACCENT_COLOR_NAME = AccentColor;
				CODE_SIGN_ENTITLEMENTS = Minesweeper/Minesweeper.entitlements;
				CODE_SIGN_STYLE = Automatic;
				CURRENT_PROJECT_VERSION = 1;
				DEAD_CODE_STRIPPING = YES;
				DEVELOPMENT_ASSET_PATHS = "\"Minesweeper/Preview Content\"";
				ENABLE_PREVIEWS = YES;
				GENERATE_INFOPLIST_FILE = YES;
				"INFOPLIST_KEY_UIApplicationSceneManifest_Generation[sdk=iphoneos*]" = YES;
				"INFOPLIST_KEY_UIApplicationSceneManifest_Generation[sdk=iphonesimulator*]" = YES;
				"INFOPLIST_KEY_UIApplicationSupportsIndirectInputEvents[sdk=iphoneos*]" = YES;
				"INFOPLIST_KEY_UIApplicationSupportsIndirectInputEvents[sdk=iphonesimulator*]" = YES;
				"INFOPLIST_KEY_UILaunchScreen_Generation[sdk=iphoneos*]" = YES;
				"INFOPLIST_KEY_UILaunchScreen_Generation[sdk=iphonesimulator*]" = YES;
				"INFOPLIST_KEY_UIStatusBarStyle[sdk=iphoneos*]" = UIStatusBarStyleDefault;
				"INFOPLIST_KEY_UIStatusBarStyle[sdk=iphonesimulator*]" = UIStatusBarStyleDefault;
				INFOPLIST_KEY_UISupportedInterfaceOrientations = "UIInterfaceOrientationPortrait UIInterfaceOrientationPortraitUpsideDown";
				IPHONEOS_DEPLOYMENT_TARGET = 17.0;
				LD_RUNPATH_SEARCH_PATHS = "@executable_path/Frameworks";
				"LD_RUNPATH_SEARCH_PATHS[sdk=macosx*]" = "@executable_path/../Frameworks";
				MACOSX_DEPLOYMENT_TARGET = 14.0;
				MARKETING_VERSION = 1.0;
				PRODUCT_BUNDLE_IDENTIFIER = "dev-juanelegomez.Minesweeper";
				PRODUCT_NAME = "$(TARGET_NAME)";
				SDKROOT = auto;
				SUPPORTED_PLATFORMS = "iphoneos iphonesimulator macosx";
				SWIFT_EMIT_LOC_STRINGS = YES;
				SWIFT_VERSION = 5.0;
				TARGETED_DEVICE_FAMILY = "1,2";
			};
			name = Debug;
		};
		AF6C3E902A9BA9E900B937E4 /* Release */ = {
			isa = XCBuildConfiguration;
			buildSettings = {
				ASSETCATALOG_COMPILER_APPICON_NAME = AppIcon;
				ASSETCATALOG_COMPILER_GLOBAL_ACCENT_COLOR_NAME = AccentColor;
				CODE_SIGN_ENTITLEMENTS = Minesweeper/Minesweeper.entitlements;
				CODE_SIGN_STYLE = Automatic;
				CURRENT_PROJECT_VERSION = 1;
				DEAD_CODE_STRIPPING = YES;
				DEVELOPMENT_ASSET_PATHS = "\"Minesweeper/Preview Content\"";
				ENABLE_PREVIEWS = YES;
				GENERATE_INFOPLIST_FILE = YES;
				"INFOPLIST_KEY_UIApplicationSceneManifest_Generation[sdk=iphoneos*]" = YES;
				"INFOPLIST_KEY_UIApplicationSceneManifest_Generation[sdk=iphonesimulator*]" = YES;
				"INFOPLIST_KEY_UIApplicationSupportsIndirectInputEvents[sdk=iphoneos*]" = YES;
				"INFOPLIST_KEY_UIApplicationSupportsIndirectInputEvents[sdk=iphonesimulator*]" = YES;
				"INFOPLIST_KEY_UILaunchScreen_Generation[sdk=iphoneos*]" = YES;
				"INFOPLIST_KEY_UILaunchScreen_Generation[sdk=iphonesimulator*]" = YES;
				"INFOPLIST_KEY_UIStatusBarStyle[sdk=iphoneos*]" = UIStatusBarStyleDefault;
				"INFOPLIST_KEY_UIStatusBarStyle[sdk=iphonesimulator*]" = UIStatusBarStyleDefault;
				INFOPLIST_KEY_UISupportedInterfaceOrientations = "UIInterfaceOrientationPortrait UIInterfaceOrientationPortraitUpsideDown";
				IPHONEOS_DEPLOYMENT_TARGET = 17.0;
				LD_RUNPATH_SEARCH_PATHS = "@executable_path/Frameworks";
				"LD_RUNPATH_SEARCH_PATHS[sdk=macosx*]" = "@executable_path/../Frameworks";
				MACOSX_DEPLOYMENT_TARGET = 14.0;
				MARKETING_VERSION = 1.0;
				PRODUCT_BUNDLE_IDENTIFIER = "dev-juanelegomez.Minesweeper";
				PRODUCT_NAME = "$(TARGET_NAME)";
				SDKROOT = auto;
				SUPPORTED_PLATFORMS = "iphoneos iphonesimulator macosx";
				SWIFT_EMIT_LOC_STRINGS = YES;
				SWIFT_VERSION = 5.0;
				TARGETED_DEVICE_FAMILY = "1,2";
			};
			name = Release;
		};
		AF6C3E922A9BA9E900B937E4 /* Debug */ = {
			isa = XCBuildConfiguration;
			buildSettings = {
				ALWAYS_EMBED_SWIFT_STANDARD_LIBRARIES = YES;
				BUNDLE_LOADER = "$(TEST_HOST)";
				CODE_SIGN_STYLE = Automatic;
				CURRENT_PROJECT_VERSION = 1;
				DEAD_CODE_STRIPPING = YES;
				GENERATE_INFOPLIST_FILE = YES;
				IPHONEOS_DEPLOYMENT_TARGET = 16.4;
				MACOSX_DEPLOYMENT_TARGET = 13.3;
				MARKETING_VERSION = 1.0;
				PRODUCT_BUNDLE_IDENTIFIER = "dev-juanelegomez.MinesweeperTests";
				PRODUCT_NAME = "$(TARGET_NAME)";
				SDKROOT = auto;
				SUPPORTED_PLATFORMS = "iphoneos iphonesimulator macosx";
				SWIFT_EMIT_LOC_STRINGS = NO;
				SWIFT_VERSION = 5.0;
				TARGETED_DEVICE_FAMILY = "1,2";
				TEST_HOST = "$(BUILT_PRODUCTS_DIR)/Minesweeper.app/$(BUNDLE_EXECUTABLE_FOLDER_PATH)/Minesweeper";
			};
			name = Debug;
		};
		AF6C3E932A9BA9E900B937E4 /* Release */ = {
			isa = XCBuildConfiguration;
			buildSettings = {
				ALWAYS_EMBED_SWIFT_STANDARD_LIBRARIES = YES;
				BUNDLE_LOADER = "$(TEST_HOST)";
				CODE_SIGN_STYLE = Automatic;
				CURRENT_PROJECT_VERSION = 1;
				DEAD_CODE_STRIPPING = YES;
				GENERATE_INFOPLIST_FILE = YES;
				IPHONEOS_DEPLOYMENT_TARGET = 16.4;
				MACOSX_DEPLOYMENT_TARGET = 13.3;
				MARKETING_VERSION = 1.0;
				PRODUCT_BUNDLE_IDENTIFIER = "dev-juanelegomez.MinesweeperTests";
				PRODUCT_NAME = "$(TARGET_NAME)";
				SDKROOT = auto;
				SUPPORTED_PLATFORMS = "iphoneos iphonesimulator macosx";
				SWIFT_EMIT_LOC_STRINGS = NO;
				SWIFT_VERSION = 5.0;
				TARGETED_DEVICE_FAMILY = "1,2";
				TEST_HOST = "$(BUILT_PRODUCTS_DIR)/Minesweeper.app/$(BUNDLE_EXECUTABLE_FOLDER_PATH)/Minesweeper";
			};
			name = Release;
		};
		AF6C3E952A9BA9E900B937E4 /* Debug */ = {
			isa = XCBuildConfiguration;
			buildSettings = {
				ALWAYS_EMBED_SWIFT_STANDARD_LIBRARIES = YES;
				CODE_SIGN_STYLE = Automatic;
				CURRENT_PROJECT_VERSION = 1;
				DEAD_CODE_STRIPPING = YES;
				GENERATE_INFOPLIST_FILE = YES;
				IPHONEOS_DEPLOYMENT_TARGET = 16.4;
				MACOSX_DEPLOYMENT_TARGET = 13.3;
				MARKETING_VERSION = 1.0;
				PRODUCT_BUNDLE_IDENTIFIER = "dev-juanelegomez.MinesweeperUITests";
				PRODUCT_NAME = "$(TARGET_NAME)";
				SDKROOT = auto;
				SUPPORTED_PLATFORMS = "iphoneos iphonesimulator macosx";
				SWIFT_EMIT_LOC_STRINGS = NO;
				SWIFT_VERSION = 5.0;
				TARGETED_DEVICE_FAMILY = "1,2";
				TEST_TARGET_NAME = Minesweeper;
			};
			name = Debug;
		};
		AF6C3E962A9BA9E900B937E4 /* Release */ = {
			isa = XCBuildConfiguration;
			buildSettings = {
				ALWAYS_EMBED_SWIFT_STANDARD_LIBRARIES = YES;
				CODE_SIGN_STYLE = Automatic;
				CURRENT_PROJECT_VERSION = 1;
				DEAD_CODE_STRIPPING = YES;
				GENERATE_INFOPLIST_FILE = YES;
				IPHONEOS_DEPLOYMENT_TARGET = 16.4;
				MACOSX_DEPLOYMENT_TARGET = 13.3;
				MARKETING_VERSION = 1.0;
				PRODUCT_BUNDLE_IDENTIFIER = "dev-juanelegomez.MinesweeperUITests";
				PRODUCT_NAME = "$(TARGET_NAME)";
				SDKROOT = auto;
				SUPPORTED_PLATFORMS = "iphoneos iphonesimulator macosx";
				SWIFT_EMIT_LOC_STRINGS = NO;
				SWIFT_VERSION = 5.0;
				TARGETED_DEVICE_FAMILY = "1,2";
				TEST_TARGET_NAME = Minesweeper;
			};
			name = Release;
		};
/* End XCBuildConfiguration section */

/* Begin XCConfigurationList section */
		AF6C3E642A9BA9E800B937E4 /* Build configuration list for PBXProject "Minesweeper" */ = {
			isa = XCConfigurationList;
			buildConfigurations = (
				AF6C3E8C2A9BA9E900B937E4 /* Debug */,
				AF6C3E8D2A9BA9E900B937E4 /* Release */,
			);
			defaultConfigurationIsVisible = 0;
			defaultConfigurationName = Release;
		};
		AF6C3E8E2A9BA9E900B937E4 /* Build configuration list for PBXNativeTarget "Minesweeper" */ = {
			isa = XCConfigurationList;
			buildConfigurations = (
				AF6C3E8F2A9BA9E900B937E4 /* Debug */,
				AF6C3E902A9BA9E900B937E4 /* Release */,
			);
			defaultConfigurationIsVisible = 0;
			defaultConfigurationName = Release;
		};
		AF6C3E912A9BA9E900B937E4 /* Build configuration list for PBXNativeTarget "MinesweeperTests" */ = {
			isa = XCConfigurationList;
			buildConfigurations = (
				AF6C3E922A9BA9E900B937E4 /* Debug */,
				AF6C3E932A9BA9E900B937E4 /* Release */,
			);
			defaultConfigurationIsVisible = 0;
			defaultConfigurationName = Release;
		};
		AF6C3E942A9BA9E900B937E4 /* Build configuration list for PBXNativeTarget "MinesweeperUITests" */ = {
			isa = XCConfigurationList;
			buildConfigurations = (
				AF6C3E952A9BA9E900B937E4 /* Debug */,
				AF6C3E962A9BA9E900B937E4 /* Release */,
			);
			defaultConfigurationIsVisible = 0;
			defaultConfigurationName = Release;
		};
/* End XCConfigurationList section */
	};
	rootObject = AF6C3E612A9BA9E800B937E4 /* Project object */;
}
